
Microsoft Visual Studio Solution File, Format Version 12.00
# Visual Studio Version 16
VisualStudioVersion = 16.0.31515.178
MinimumVisualStudioVersion = 10.0.40219.1
Project("{FAE04EC0-301F-11D3-BF4B-00C04F79EFBC}") = "Dependeny_Injection_Beginner_Advance", "Dependeny_Injection_Beginner_Advance\Dependeny_Injection_Beginner_Advance.csproj", "{DE138CE2-D4B5-47C0-912E-AC7DFEC69CFC}"
EndProject
Global
	GlobalSection(SolutionConfigurationPlatforms) = preSolution
		Debug|Any CPU = Debug|Any CPU
		Release|Any CPU = Release|Any CPU
	EndGlobalSection
	GlobalSection(ProjectConfigurationPlatforms) = postSolution
		{DE138CE2-D4B5-47C0-912E-AC7DFEC69CFC}.Debug|Any CPU.ActiveCfg = Debug|Any CPU
		{DE138CE2-D4B5-47C0-912E-AC7DFEC69CFC}.Debug|Any CPU.Build.0 = Debug|Any CPU
		{DE138CE2-D4B5-47C0-912E-AC7DFEC69CFC}.Release|Any CPU.ActiveCfg = Release|Any CPU
		{DE138CE2-D4B5-47C0-912E-AC7DFEC69CFC}.Release|Any CPU.Build.0 = Release|Any CPU
	EndGlobalSection
	GlobalSection(SolutionProperties) = preSolution
		HideSolutionNode = FALSE
	EndGlobalSection
	GlobalSection(ExtensibilityGlobals) = postSolution
		SolutionGuid = {C0AED64A-DA86-4439-9440-C0DADCC07EC2}
	EndGlobalSection
EndGlobal
