
Microsoft Visual Studio Solution File, Format Version 12.00
# Visual Studio Version 16
VisualStudioVersion = 16.0.31515.178
MinimumVisualStudioVersion = 10.0.40219.1
Project("{FAE04EC0-301F-11D3-BF4B-00C04F79EFBC}") = "Dependeny_Injection_Beginner_Advance", "Dependeny_Injection_Beginner_Advance\Dependeny_Injection_Beginner_Advance.csproj", "{C9785F28-D5A1-461E-9495-8919F32D3BB7}"
EndProject
Global
	GlobalSection(SolutionConfigurationPlatforms) = preSolution
		Debug|Any CPU = Debug|Any CPU
		Release|Any CPU = Release|Any CPU
	EndGlobalSection
	GlobalSection(ProjectConfigurationPlatforms) = postSolution
		{C9785F28-D5A1-461E-9495-8919F32D3BB7}.Debug|Any CPU.ActiveCfg = Debug|Any CPU
		{C9785F28-D5A1-461E-9495-8919F32D3BB7}.Debug|Any CPU.Build.0 = Debug|Any CPU
		{C9785F28-D5A1-461E-9495-8919F32D3BB7}.Release|Any CPU.ActiveCfg = Release|Any CPU
		{C9785F28-D5A1-461E-9495-8919F32D3BB7}.Release|Any CPU.Build.0 = Release|Any CPU
	EndGlobalSection
	GlobalSection(SolutionProperties) = preSolution
		HideSolutionNode = FALSE
	EndGlobalSection
	GlobalSection(ExtensibilityGlobals) = postSolution
		SolutionGuid = {C0AED64A-DA86-4439-9440-C0DADCC07EC2}
	EndGlobalSection
EndGlobal
